
Microsoft Visual Studio Solution File, Format Version 12.00
# Visual Studio 15
VisualStudioVersion = 15.0.28307.168
MinimumVisualStudioVersion = 10.0.40219.1
Project("{FAE04EC0-301F-11D3-BF4B-00C04F79EFBC}") = "task 1", "task 1\task 1.csproj", "{A3783C4E-3D7E-40DC-A966-80A8204BF21A}"
EndProject
Global
	GlobalSection(SolutionConfigurationPlatforms) = preSolution
		Debug|Any CPU = Debug|Any CPU
		Release|Any CPU = Release|Any CPU
	EndGlobalSection
	GlobalSection(ProjectConfigurationPlatforms) = postSolution
		{A3783C4E-3D7E-40DC-A966-80A8204BF21A}.Debug|Any CPU.ActiveCfg = Debug|Any CPU
		{A3783C4E-3D7E-40DC-A966-80A8204BF21A}.Debug|Any CPU.Build.0 = Debug|Any CPU
		{A3783C4E-3D7E-40DC-A966-80A8204BF21A}.Release|Any CPU.ActiveCfg = Release|Any CPU
		{A3783C4E-3D7E-40DC-A966-80A8204BF21A}.Release|Any CPU.Build.0 = Release|Any CPU
	EndGlobalSection
	GlobalSection(SolutionProperties) = preSolution
		HideSolutionNode = FALSE
	EndGlobalSection
	GlobalSection(ExtensibilityGlobals) = postSolution
		SolutionGuid = {A511173D-8308-4444-B4D9-9A14C2EF3C54}
	EndGlobalSection
EndGlobal
